
Microsoft Visual Studio Solution File, Format Version 12.00
# Visual Studio Version 17
VisualStudioVersion = 17.0.31903.59
MinimumVisualStudioVersion = 10.0.40219.1
Project("{FAE04EC0-301F-11D3-BF4B-00C04F79EFBC}") = "Enqueuer.Telegram.Notifications.Contract.V1", "Enqueuer.Telegram.Notifications.Contract.V1\Enqueuer.Telegram.Notifications.Contract.V1.csproj", "{746B37AC-72B0-4580-8CA2-B96E5A64A11A}"
EndProject
Project("{FAE04EC0-301F-11D3-BF4B-00C04F79EFBC}") = "Enqueuer.Telegram.Notifications", "Enqueuer.Telegram.Notifications\Enqueuer.Telegram.Notifications.csproj", "{A4F9CC61-249B-4D65-BA53-3C536786CED7}"
EndProject
Global
	GlobalSection(SolutionConfigurationPlatforms) = preSolution
		Debug|Any CPU = Debug|Any CPU
		Release|Any CPU = Release|Any CPU
	EndGlobalSection
	GlobalSection(SolutionProperties) = preSolution
		HideSolutionNode = FALSE
	EndGlobalSection
	GlobalSection(ProjectConfigurationPlatforms) = postSolution
		{746B37AC-72B0-4580-8CA2-B96E5A64A11A}.Debug|Any CPU.ActiveCfg = Debug|Any CPU
		{746B37AC-72B0-4580-8CA2-B96E5A64A11A}.Debug|Any CPU.Build.0 = Debug|Any CPU
		{746B37AC-72B0-4580-8CA2-B96E5A64A11A}.Release|Any CPU.ActiveCfg = Release|Any CPU
		{746B37AC-72B0-4580-8CA2-B96E5A64A11A}.Release|Any CPU.Build.0 = Release|Any CPU
		{A4F9CC61-249B-4D65-BA53-3C536786CED7}.Debug|Any CPU.ActiveCfg = Debug|Any CPU
		{A4F9CC61-249B-4D65-BA53-3C536786CED7}.Debug|Any CPU.Build.0 = Debug|Any CPU
		{A4F9CC61-249B-4D65-BA53-3C536786CED7}.Release|Any CPU.ActiveCfg = Release|Any CPU
		{A4F9CC61-249B-4D65-BA53-3C536786CED7}.Release|Any CPU.Build.0 = Release|Any CPU
	EndGlobalSection
EndGlobal
