
Microsoft Visual Studio Solution File, Format Version 12.00
# Visual Studio Version 17
VisualStudioVersion = 17.0.31903.59
MinimumVisualStudioVersion = 10.0.40219.1
Project("{2150E333-8FDC-42A3-9474-1A3956D46DE8}") = "Solution Items", "Solution Items", "{13EB1975-83D0-41AA-A36B-CAD7191EDF5C}"
	ProjectSection(SolutionItems) = preProject
		.editorconfig = .editorconfig
	EndProjectSection
EndProject
Project("{9A19103F-16F7-4668-BE54-9A1E7A4F7556}") = "Enqueuer.Queueing.API", "src\Enqueuer.Queueing.API\Enqueuer.Queueing.API.csproj", "{CF67A19F-B40D-48D8-8FAE-1014A26C74D3}"
EndProject
Project("{2150E333-8FDC-42A3-9474-1A3956D46DE8}") = "src", "src", "{D8C58154-9EE9-46A3-9BAA-F19FDA7BFE2E}"
EndProject
Project("{9A19103F-16F7-4668-BE54-9A1E7A4F7556}") = "Enqueuer.Queueing.Contract.V1", "src\Enqueuer.Queueing.Contract\Enqueuer.Queueing.Contract.V1.csproj", "{66A98A52-B8E7-44FC-A400-182E5A847294}"
EndProject
Project("{9A19103F-16F7-4668-BE54-9A1E7A4F7556}") = "Enqueuer.Queueing.Domain", "src\Enqueuer.Queueing.Domain\Enqueuer.Queueing.Domain.csproj", "{8806F33F-89E0-495E-9F00-5FA8F5886E33}"
EndProject
Project("{9A19103F-16F7-4668-BE54-9A1E7A4F7556}") = "Enqueuer.Queueing.Infrastructure", "src\Enqueuer.Queueing.Infrastructure\Enqueuer.Queueing.Infrastructure.csproj", "{922E2430-5503-49D6-84DD-ECBB01BE3943}"
EndProject
Project("{9A19103F-16F7-4668-BE54-9A1E7A4F7556}") = "Enqueuer.EventBus", "src\Enqueuer.EventBus\Enqueuer.EventBus.csproj", "{B0227ACA-7D88-4FBD-96FD-A22154E929DE}"
EndProject
Project("{9A19103F-16F7-4668-BE54-9A1E7A4F7556}") = "Enqueuer.EventBus.RabbitMQ", "src\Enqueuer.EventBus.RabbitMQ\Enqueuer.EventBus.RabbitMQ.csproj", "{005859C1-49C3-4754-A749-B623A3154737}"
EndProject
Project("{E53339B2-1760-4266-BCC7-CA923CBCF16C}") = "docker-compose", "docker-compose.dcproj", "{E8273A16-DD52-436C-A570-362F5284BF1D}"
EndProject
Project("{FAE04EC0-301F-11D3-BF4B-00C04F79EFBC}") = "Enqueuer.Telegram.Notifications", "src\Enqueuer.Telegram.Notifications\Enqueuer.Telegram.Notifications.csproj", "{36C5C3F6-5543-4F87-AF4E-056FFBBD7E2C}"
EndProject
Project("{FAE04EC0-301F-11D3-BF4B-00C04F79EFBC}") = "Enqueuer.Telegram.Shared", "src\Enqueuer.Telegram.Shared\Enqueuer.Telegram.Shared.csproj", "{8D543DE0-A235-4268-852B-0A204488171D}"
EndProject
Global
	GlobalSection(SolutionConfigurationPlatforms) = preSolution
		Debug|Any CPU = Debug|Any CPU
		Release|Any CPU = Release|Any CPU
	EndGlobalSection
	GlobalSection(ProjectConfigurationPlatforms) = postSolution
		{CF67A19F-B40D-48D8-8FAE-1014A26C74D3}.Debug|Any CPU.ActiveCfg = Debug|Any CPU
		{CF67A19F-B40D-48D8-8FAE-1014A26C74D3}.Debug|Any CPU.Build.0 = Debug|Any CPU
		{CF67A19F-B40D-48D8-8FAE-1014A26C74D3}.Release|Any CPU.ActiveCfg = Release|Any CPU
		{CF67A19F-B40D-48D8-8FAE-1014A26C74D3}.Release|Any CPU.Build.0 = Release|Any CPU
		{66A98A52-B8E7-44FC-A400-182E5A847294}.Debug|Any CPU.ActiveCfg = Debug|Any CPU
		{66A98A52-B8E7-44FC-A400-182E5A847294}.Debug|Any CPU.Build.0 = Debug|Any CPU
		{66A98A52-B8E7-44FC-A400-182E5A847294}.Release|Any CPU.ActiveCfg = Release|Any CPU
		{66A98A52-B8E7-44FC-A400-182E5A847294}.Release|Any CPU.Build.0 = Release|Any CPU
		{8806F33F-89E0-495E-9F00-5FA8F5886E33}.Debug|Any CPU.ActiveCfg = Debug|Any CPU
		{8806F33F-89E0-495E-9F00-5FA8F5886E33}.Debug|Any CPU.Build.0 = Debug|Any CPU
		{8806F33F-89E0-495E-9F00-5FA8F5886E33}.Release|Any CPU.ActiveCfg = Release|Any CPU
		{8806F33F-89E0-495E-9F00-5FA8F5886E33}.Release|Any CPU.Build.0 = Release|Any CPU
		{922E2430-5503-49D6-84DD-ECBB01BE3943}.Debug|Any CPU.ActiveCfg = Debug|Any CPU
		{922E2430-5503-49D6-84DD-ECBB01BE3943}.Debug|Any CPU.Build.0 = Debug|Any CPU
		{922E2430-5503-49D6-84DD-ECBB01BE3943}.Release|Any CPU.ActiveCfg = Release|Any CPU
		{922E2430-5503-49D6-84DD-ECBB01BE3943}.Release|Any CPU.Build.0 = Release|Any CPU
		{B0227ACA-7D88-4FBD-96FD-A22154E929DE}.Debug|Any CPU.ActiveCfg = Debug|Any CPU
		{B0227ACA-7D88-4FBD-96FD-A22154E929DE}.Debug|Any CPU.Build.0 = Debug|Any CPU
		{B0227ACA-7D88-4FBD-96FD-A22154E929DE}.Release|Any CPU.ActiveCfg = Release|Any CPU
		{B0227ACA-7D88-4FBD-96FD-A22154E929DE}.Release|Any CPU.Build.0 = Release|Any CPU
		{005859C1-49C3-4754-A749-B623A3154737}.Debug|Any CPU.ActiveCfg = Debug|Any CPU
		{005859C1-49C3-4754-A749-B623A3154737}.Debug|Any CPU.Build.0 = Debug|Any CPU
		{005859C1-49C3-4754-A749-B623A3154737}.Release|Any CPU.ActiveCfg = Release|Any CPU
		{005859C1-49C3-4754-A749-B623A3154737}.Release|Any CPU.Build.0 = Release|Any CPU
		{E8273A16-DD52-436C-A570-362F5284BF1D}.Debug|Any CPU.ActiveCfg = Debug|Any CPU
		{E8273A16-DD52-436C-A570-362F5284BF1D}.Debug|Any CPU.Build.0 = Debug|Any CPU
		{E8273A16-DD52-436C-A570-362F5284BF1D}.Release|Any CPU.ActiveCfg = Release|Any CPU
		{E8273A16-DD52-436C-A570-362F5284BF1D}.Release|Any CPU.Build.0 = Release|Any CPU
		{36C5C3F6-5543-4F87-AF4E-056FFBBD7E2C}.Debug|Any CPU.ActiveCfg = Debug|Any CPU
		{36C5C3F6-5543-4F87-AF4E-056FFBBD7E2C}.Debug|Any CPU.Build.0 = Debug|Any CPU
		{36C5C3F6-5543-4F87-AF4E-056FFBBD7E2C}.Release|Any CPU.ActiveCfg = Release|Any CPU
		{36C5C3F6-5543-4F87-AF4E-056FFBBD7E2C}.Release|Any CPU.Build.0 = Release|Any CPU
		{8D543DE0-A235-4268-852B-0A204488171D}.Debug|Any CPU.ActiveCfg = Debug|Any CPU
		{8D543DE0-A235-4268-852B-0A204488171D}.Debug|Any CPU.Build.0 = Debug|Any CPU
		{8D543DE0-A235-4268-852B-0A204488171D}.Release|Any CPU.ActiveCfg = Release|Any CPU
		{8D543DE0-A235-4268-852B-0A204488171D}.Release|Any CPU.Build.0 = Release|Any CPU
	EndGlobalSection
	GlobalSection(SolutionProperties) = preSolution
		HideSolutionNode = FALSE
	EndGlobalSection
	GlobalSection(NestedProjects) = preSolution
		{CF67A19F-B40D-48D8-8FAE-1014A26C74D3} = {D8C58154-9EE9-46A3-9BAA-F19FDA7BFE2E}
		{66A98A52-B8E7-44FC-A400-182E5A847294} = {D8C58154-9EE9-46A3-9BAA-F19FDA7BFE2E}
		{8806F33F-89E0-495E-9F00-5FA8F5886E33} = {D8C58154-9EE9-46A3-9BAA-F19FDA7BFE2E}
		{922E2430-5503-49D6-84DD-ECBB01BE3943} = {D8C58154-9EE9-46A3-9BAA-F19FDA7BFE2E}
		{B0227ACA-7D88-4FBD-96FD-A22154E929DE} = {D8C58154-9EE9-46A3-9BAA-F19FDA7BFE2E}
		{005859C1-49C3-4754-A749-B623A3154737} = {D8C58154-9EE9-46A3-9BAA-F19FDA7BFE2E}
		{36C5C3F6-5543-4F87-AF4E-056FFBBD7E2C} = {D8C58154-9EE9-46A3-9BAA-F19FDA7BFE2E}
		{8D543DE0-A235-4268-852B-0A204488171D} = {D8C58154-9EE9-46A3-9BAA-F19FDA7BFE2E}
	EndGlobalSection
	GlobalSection(ExtensibilityGlobals) = postSolution
		SolutionGuid = {A6930BB8-DC56-41D8-A93D-D2BB3B2EC1C6}
	EndGlobalSection
EndGlobal
