
Microsoft Visual Studio Solution File, Format Version 12.00
# Visual Studio Version 17
VisualStudioVersion = 17.0.31903.59
MinimumVisualStudioVersion = 10.0.40219.1
Project("{2150E333-8FDC-42A3-9474-1A3956D46DE8}") = "Solution Items", "Solution Items", "{13EB1975-83D0-41AA-A36B-CAD7191EDF5C}"
	ProjectSection(SolutionItems) = preProject
		.editorconfig = .editorconfig
	EndProjectSection
EndProject
Project("{9A19103F-16F7-4668-BE54-9A1E7A4F7556}") = "Enqueuer.Queueing.API", "src\Enqueuer.Queueing.API\Enqueuer.Queueing.API.csproj", "{CF67A19F-B40D-48D8-8FAE-1014A26C74D3}"
EndProject
Project("{2150E333-8FDC-42A3-9474-1A3956D46DE8}") = "src", "src", "{D8C58154-9EE9-46A3-9BAA-F19FDA7BFE2E}"
EndProject
Project("{9A19103F-16F7-4668-BE54-9A1E7A4F7556}") = "Enqueuer.Queueing.Contract.V1", "src\Enqueuer.Queueing.Contract\Enqueuer.Queueing.Contract.V1.csproj", "{66A98A52-B8E7-44FC-A400-182E5A847294}"
EndProject
Project("{9A19103F-16F7-4668-BE54-9A1E7A4F7556}") = "Enqueuer.Queueing.Domain", "src\Enqueuer.Queueing.Domain\Enqueuer.Queueing.Domain.csproj", "{8806F33F-89E0-495E-9F00-5FA8F5886E33}"
EndProject
Project("{9A19103F-16F7-4668-BE54-9A1E7A4F7556}") = "Enqueuer.Queueing.Infrastructure", "src\Enqueuer.Queueing.Infrastructure\Enqueuer.Queueing.Infrastructure.csproj", "{922E2430-5503-49D6-84DD-ECBB01BE3943}"
EndProject
Project("{9A19103F-16F7-4668-BE54-9A1E7A4F7556}") = "Enqueuer.EventBus", "src\Enqueuer.EventBus\Enqueuer.EventBus.csproj", "{B0227ACA-7D88-4FBD-96FD-A22154E929DE}"
EndProject
Project("{9A19103F-16F7-4668-BE54-9A1E7A4F7556}") = "Enqueuer.EventBus.RabbitMQ", "src\Enqueuer.EventBus.RabbitMQ\Enqueuer.EventBus.RabbitMQ.csproj", "{005859C1-49C3-4754-A749-B623A3154737}"
EndProject
Project("{E53339B2-1760-4266-BCC7-CA923CBCF16C}") = "docker-compose", "docker-compose.dcproj", "{E8273A16-DD52-436C-A570-362F5284BF1D}"
EndProject
Project("{9A19103F-16F7-4668-BE54-9A1E7A4F7556}") = "Enqueuer.Telegram.Notifications", "src\Enqueuer.Telegram.Notifications\Enqueuer.Telegram.Notifications.csproj", "{36C5C3F6-5543-4F87-AF4E-056FFBBD7E2C}"
EndProject
Project("{9A19103F-16F7-4668-BE54-9A1E7A4F7556}") = "Enqueuer.Telegram.Shared", "src\Enqueuer.Telegram.Shared\Enqueuer.Telegram.Shared.csproj", "{8D543DE0-A235-4268-852B-0A204488171D}"
EndProject
Project("{9A19103F-16F7-4668-BE54-9A1E7A4F7556}") = "Enqueuer.Telegram.BFF", "src\Enqueuer.Telegram.BFF\Enqueuer.Telegram.BFF.csproj", "{C0AC38AA-8FDE-46C1-82DE-766BF74EECDE}"
EndProject
Project("{9A19103F-16F7-4668-BE54-9A1E7A4F7556}") = "Enqueuer.Telegram.BFF.Messages", "src\Enqueuer.Telegram.BFF.Messages\Enqueuer.Telegram.BFF.Messages.csproj", "{2A2D7688-87CC-440C-AD77-7FEB3B7D31FF}"
EndProject
Project("{9A19103F-16F7-4668-BE54-9A1E7A4F7556}") = "Enqueuer.Telegram.BFF.Core", "src\Enqueuer.Telegram.BFF.Core\Enqueuer.Telegram.BFF.Core.csproj", "{879A4087-F6B1-415D-9095-6A90046E5C12}"
EndProject
Project("{2150E333-8FDC-42A3-9474-1A3956D46DE8}") = "test", "test", "{E357E821-9FBE-4764-8850-BB67406FB621}"
EndProject
Project("{9A19103F-16F7-4668-BE54-9A1E7A4F7556}") = "Enqueuer.Queueing.Domain.Tests", "test\Enqueuer.Queueing.Domain.Tests\Enqueuer.Queueing.Domain.Tests.csproj", "{B14FC0CF-7488-4A69-B1F8-70B8DE82868D}"
EndProject
Project("{2150E333-8FDC-42A3-9474-1A3956D46DE8}") = "telegram-bff", "telegram-bff", "{E4A6215E-7940-4FB9-9423-2C2D09425EA1}"
EndProject
Project("{2150E333-8FDC-42A3-9474-1A3956D46DE8}") = "queueing-api", "queueing-api", "{202B3BB8-E416-4C3E-B54A-2A71EBE92A2F}"
EndProject
Project("{2150E333-8FDC-42A3-9474-1A3956D46DE8}") = "common", "common", "{702E71B9-9962-47DC-A0F7-5E758D725891}"
EndProject
Project("{2150E333-8FDC-42A3-9474-1A3956D46DE8}") = "identity", "identity", "{73E167EB-57A2-4475-9479-528947D4529F}"
EndProject
Project("{9A19103F-16F7-4668-BE54-9A1E7A4F7556}") = "Enqueuer.Identity.API", "src\Enqueuer.Identity.API\Enqueuer.Identity.API.csproj", "{E2024F10-B0CF-4044-B88A-9DCDD7237E84}"
EndProject
Project("{9A19103F-16F7-4668-BE54-9A1E7A4F7556}") = "Enqueuer.Identity.Persistence", "src\Enqueuer.Identity.Persistence\Enqueuer.Identity.Persistence.csproj", "{9933295F-9FD7-42B9-84E6-5FA89BFAF119}"
EndProject
Project("{9A19103F-16F7-4668-BE54-9A1E7A4F7556}") = "Enqueuer.Identity.Contract.V1", "src\Enqueuer.Identity.Contract.V1\Enqueuer.Identity.Contract.V1.csproj", "{5C92709B-9883-4367-85AD-09A6E0D21B1C}"
EndProject
Project("{FAE04EC0-301F-11D3-BF4B-00C04F79EFBC}") = "Enqueuer.Identity.Authorization", "src\Enqueuer.Identity.Authorization\Enqueuer.Identity.Authorization.csproj", "{33DA5BF1-1ED2-49C6-A938-AB8BB2D3ACDC}"
EndProject
Global
	GlobalSection(SolutionConfigurationPlatforms) = preSolution
		Debug|Any CPU = Debug|Any CPU
		Release|Any CPU = Release|Any CPU
	EndGlobalSection
	GlobalSection(ProjectConfigurationPlatforms) = postSolution
		{CF67A19F-B40D-48D8-8FAE-1014A26C74D3}.Debug|Any CPU.ActiveCfg = Debug|Any CPU
		{CF67A19F-B40D-48D8-8FAE-1014A26C74D3}.Debug|Any CPU.Build.0 = Debug|Any CPU
		{CF67A19F-B40D-48D8-8FAE-1014A26C74D3}.Release|Any CPU.ActiveCfg = Release|Any CPU
		{CF67A19F-B40D-48D8-8FAE-1014A26C74D3}.Release|Any CPU.Build.0 = Release|Any CPU
		{66A98A52-B8E7-44FC-A400-182E5A847294}.Debug|Any CPU.ActiveCfg = Debug|Any CPU
		{66A98A52-B8E7-44FC-A400-182E5A847294}.Debug|Any CPU.Build.0 = Debug|Any CPU
		{66A98A52-B8E7-44FC-A400-182E5A847294}.Release|Any CPU.ActiveCfg = Release|Any CPU
		{66A98A52-B8E7-44FC-A400-182E5A847294}.Release|Any CPU.Build.0 = Release|Any CPU
		{8806F33F-89E0-495E-9F00-5FA8F5886E33}.Debug|Any CPU.ActiveCfg = Debug|Any CPU
		{8806F33F-89E0-495E-9F00-5FA8F5886E33}.Debug|Any CPU.Build.0 = Debug|Any CPU
		{8806F33F-89E0-495E-9F00-5FA8F5886E33}.Release|Any CPU.ActiveCfg = Release|Any CPU
		{8806F33F-89E0-495E-9F00-5FA8F5886E33}.Release|Any CPU.Build.0 = Release|Any CPU
		{922E2430-5503-49D6-84DD-ECBB01BE3943}.Debug|Any CPU.ActiveCfg = Debug|Any CPU
		{922E2430-5503-49D6-84DD-ECBB01BE3943}.Debug|Any CPU.Build.0 = Debug|Any CPU
		{922E2430-5503-49D6-84DD-ECBB01BE3943}.Release|Any CPU.ActiveCfg = Release|Any CPU
		{922E2430-5503-49D6-84DD-ECBB01BE3943}.Release|Any CPU.Build.0 = Release|Any CPU
		{B0227ACA-7D88-4FBD-96FD-A22154E929DE}.Debug|Any CPU.ActiveCfg = Debug|Any CPU
		{B0227ACA-7D88-4FBD-96FD-A22154E929DE}.Debug|Any CPU.Build.0 = Debug|Any CPU
		{B0227ACA-7D88-4FBD-96FD-A22154E929DE}.Release|Any CPU.ActiveCfg = Release|Any CPU
		{B0227ACA-7D88-4FBD-96FD-A22154E929DE}.Release|Any CPU.Build.0 = Release|Any CPU
		{005859C1-49C3-4754-A749-B623A3154737}.Debug|Any CPU.ActiveCfg = Debug|Any CPU
		{005859C1-49C3-4754-A749-B623A3154737}.Debug|Any CPU.Build.0 = Debug|Any CPU
		{005859C1-49C3-4754-A749-B623A3154737}.Release|Any CPU.ActiveCfg = Release|Any CPU
		{005859C1-49C3-4754-A749-B623A3154737}.Release|Any CPU.Build.0 = Release|Any CPU
		{E8273A16-DD52-436C-A570-362F5284BF1D}.Debug|Any CPU.ActiveCfg = Debug|Any CPU
		{E8273A16-DD52-436C-A570-362F5284BF1D}.Debug|Any CPU.Build.0 = Debug|Any CPU
		{E8273A16-DD52-436C-A570-362F5284BF1D}.Release|Any CPU.ActiveCfg = Release|Any CPU
		{E8273A16-DD52-436C-A570-362F5284BF1D}.Release|Any CPU.Build.0 = Release|Any CPU
		{36C5C3F6-5543-4F87-AF4E-056FFBBD7E2C}.Debug|Any CPU.ActiveCfg = Debug|Any CPU
		{36C5C3F6-5543-4F87-AF4E-056FFBBD7E2C}.Debug|Any CPU.Build.0 = Debug|Any CPU
		{36C5C3F6-5543-4F87-AF4E-056FFBBD7E2C}.Release|Any CPU.ActiveCfg = Release|Any CPU
		{36C5C3F6-5543-4F87-AF4E-056FFBBD7E2C}.Release|Any CPU.Build.0 = Release|Any CPU
		{8D543DE0-A235-4268-852B-0A204488171D}.Debug|Any CPU.ActiveCfg = Debug|Any CPU
		{8D543DE0-A235-4268-852B-0A204488171D}.Debug|Any CPU.Build.0 = Debug|Any CPU
		{8D543DE0-A235-4268-852B-0A204488171D}.Release|Any CPU.ActiveCfg = Release|Any CPU
		{8D543DE0-A235-4268-852B-0A204488171D}.Release|Any CPU.Build.0 = Release|Any CPU
		{C0AC38AA-8FDE-46C1-82DE-766BF74EECDE}.Debug|Any CPU.ActiveCfg = Debug|Any CPU
		{C0AC38AA-8FDE-46C1-82DE-766BF74EECDE}.Debug|Any CPU.Build.0 = Debug|Any CPU
		{C0AC38AA-8FDE-46C1-82DE-766BF74EECDE}.Release|Any CPU.ActiveCfg = Release|Any CPU
		{C0AC38AA-8FDE-46C1-82DE-766BF74EECDE}.Release|Any CPU.Build.0 = Release|Any CPU
		{2A2D7688-87CC-440C-AD77-7FEB3B7D31FF}.Debug|Any CPU.ActiveCfg = Debug|Any CPU
		{2A2D7688-87CC-440C-AD77-7FEB3B7D31FF}.Debug|Any CPU.Build.0 = Debug|Any CPU
		{2A2D7688-87CC-440C-AD77-7FEB3B7D31FF}.Release|Any CPU.ActiveCfg = Release|Any CPU
		{2A2D7688-87CC-440C-AD77-7FEB3B7D31FF}.Release|Any CPU.Build.0 = Release|Any CPU
		{879A4087-F6B1-415D-9095-6A90046E5C12}.Debug|Any CPU.ActiveCfg = Debug|Any CPU
		{879A4087-F6B1-415D-9095-6A90046E5C12}.Debug|Any CPU.Build.0 = Debug|Any CPU
		{879A4087-F6B1-415D-9095-6A90046E5C12}.Release|Any CPU.ActiveCfg = Release|Any CPU
		{879A4087-F6B1-415D-9095-6A90046E5C12}.Release|Any CPU.Build.0 = Release|Any CPU
		{B14FC0CF-7488-4A69-B1F8-70B8DE82868D}.Debug|Any CPU.ActiveCfg = Debug|Any CPU
		{B14FC0CF-7488-4A69-B1F8-70B8DE82868D}.Debug|Any CPU.Build.0 = Debug|Any CPU
		{B14FC0CF-7488-4A69-B1F8-70B8DE82868D}.Release|Any CPU.ActiveCfg = Release|Any CPU
		{B14FC0CF-7488-4A69-B1F8-70B8DE82868D}.Release|Any CPU.Build.0 = Release|Any CPU
		{E2024F10-B0CF-4044-B88A-9DCDD7237E84}.Debug|Any CPU.ActiveCfg = Debug|Any CPU
		{E2024F10-B0CF-4044-B88A-9DCDD7237E84}.Debug|Any CPU.Build.0 = Debug|Any CPU
		{E2024F10-B0CF-4044-B88A-9DCDD7237E84}.Release|Any CPU.ActiveCfg = Release|Any CPU
		{E2024F10-B0CF-4044-B88A-9DCDD7237E84}.Release|Any CPU.Build.0 = Release|Any CPU
		{9933295F-9FD7-42B9-84E6-5FA89BFAF119}.Debug|Any CPU.ActiveCfg = Debug|Any CPU
		{9933295F-9FD7-42B9-84E6-5FA89BFAF119}.Debug|Any CPU.Build.0 = Debug|Any CPU
		{9933295F-9FD7-42B9-84E6-5FA89BFAF119}.Release|Any CPU.ActiveCfg = Release|Any CPU
		{9933295F-9FD7-42B9-84E6-5FA89BFAF119}.Release|Any CPU.Build.0 = Release|Any CPU
		{5C92709B-9883-4367-85AD-09A6E0D21B1C}.Debug|Any CPU.ActiveCfg = Debug|Any CPU
		{5C92709B-9883-4367-85AD-09A6E0D21B1C}.Debug|Any CPU.Build.0 = Debug|Any CPU
		{5C92709B-9883-4367-85AD-09A6E0D21B1C}.Release|Any CPU.ActiveCfg = Release|Any CPU
		{5C92709B-9883-4367-85AD-09A6E0D21B1C}.Release|Any CPU.Build.0 = Release|Any CPU
		{33DA5BF1-1ED2-49C6-A938-AB8BB2D3ACDC}.Debug|Any CPU.ActiveCfg = Debug|Any CPU
		{33DA5BF1-1ED2-49C6-A938-AB8BB2D3ACDC}.Debug|Any CPU.Build.0 = Debug|Any CPU
		{33DA5BF1-1ED2-49C6-A938-AB8BB2D3ACDC}.Release|Any CPU.ActiveCfg = Release|Any CPU
		{33DA5BF1-1ED2-49C6-A938-AB8BB2D3ACDC}.Release|Any CPU.Build.0 = Release|Any CPU
	EndGlobalSection
	GlobalSection(SolutionProperties) = preSolution
		HideSolutionNode = FALSE
	EndGlobalSection
	GlobalSection(NestedProjects) = preSolution
		{CF67A19F-B40D-48D8-8FAE-1014A26C74D3} = {202B3BB8-E416-4C3E-B54A-2A71EBE92A2F}
		{66A98A52-B8E7-44FC-A400-182E5A847294} = {202B3BB8-E416-4C3E-B54A-2A71EBE92A2F}
		{8806F33F-89E0-495E-9F00-5FA8F5886E33} = {202B3BB8-E416-4C3E-B54A-2A71EBE92A2F}
		{922E2430-5503-49D6-84DD-ECBB01BE3943} = {202B3BB8-E416-4C3E-B54A-2A71EBE92A2F}
		{B0227ACA-7D88-4FBD-96FD-A22154E929DE} = {702E71B9-9962-47DC-A0F7-5E758D725891}
		{005859C1-49C3-4754-A749-B623A3154737} = {702E71B9-9962-47DC-A0F7-5E758D725891}
		{36C5C3F6-5543-4F87-AF4E-056FFBBD7E2C} = {D8C58154-9EE9-46A3-9BAA-F19FDA7BFE2E}
		{8D543DE0-A235-4268-852B-0A204488171D} = {702E71B9-9962-47DC-A0F7-5E758D725891}
		{C0AC38AA-8FDE-46C1-82DE-766BF74EECDE} = {E4A6215E-7940-4FB9-9423-2C2D09425EA1}
		{2A2D7688-87CC-440C-AD77-7FEB3B7D31FF} = {E4A6215E-7940-4FB9-9423-2C2D09425EA1}
		{879A4087-F6B1-415D-9095-6A90046E5C12} = {E4A6215E-7940-4FB9-9423-2C2D09425EA1}
		{B14FC0CF-7488-4A69-B1F8-70B8DE82868D} = {E357E821-9FBE-4764-8850-BB67406FB621}
		{E4A6215E-7940-4FB9-9423-2C2D09425EA1} = {D8C58154-9EE9-46A3-9BAA-F19FDA7BFE2E}
		{202B3BB8-E416-4C3E-B54A-2A71EBE92A2F} = {D8C58154-9EE9-46A3-9BAA-F19FDA7BFE2E}
		{702E71B9-9962-47DC-A0F7-5E758D725891} = {D8C58154-9EE9-46A3-9BAA-F19FDA7BFE2E}
		{73E167EB-57A2-4475-9479-528947D4529F} = {D8C58154-9EE9-46A3-9BAA-F19FDA7BFE2E}
		{E2024F10-B0CF-4044-B88A-9DCDD7237E84} = {73E167EB-57A2-4475-9479-528947D4529F}
		{9933295F-9FD7-42B9-84E6-5FA89BFAF119} = {73E167EB-57A2-4475-9479-528947D4529F}
		{5C92709B-9883-4367-85AD-09A6E0D21B1C} = {73E167EB-57A2-4475-9479-528947D4529F}
		{33DA5BF1-1ED2-49C6-A938-AB8BB2D3ACDC} = {73E167EB-57A2-4475-9479-528947D4529F}
	EndGlobalSection
	GlobalSection(ExtensibilityGlobals) = postSolution
		SolutionGuid = {A6930BB8-DC56-41D8-A93D-D2BB3B2EC1C6}
	EndGlobalSection
EndGlobal
